// !$*UTF8*$!
{
	archiveVersion = 1;
	classes = {
	};
	objectVersion = 55;
	objects = {

/* Begin PBXBuildFile section */
		326A8517279ABD2500620234 /* 5pm WatchKit App.app in Embed Watch Content */ = {isa = PBXBuildFile; fileRef = 326A8516279ABD2500620234 /* 5pm WatchKit App.app */; settings = {ATTRIBUTES = (RemoveHeadersOnCopy, ); }; };
		326A851C279ABD2600620234 /* Assets.xcassets in Resources */ = {isa = PBXBuildFile; fileRef = 326A851B279ABD2600620234 /* Assets.xcassets */; };
		326A8522279ABD2600620234 /* 5pm WatchKit Extension.appex in Embed App Extensions */ = {isa = PBXBuildFile; fileRef = 326A8521279ABD2600620234 /* 5pm WatchKit Extension.appex */; settings = {ATTRIBUTES = (RemoveHeadersOnCopy, ); }; };
		326A8527279ABD2600620234 /* _pmApp.swift in Sources */ = {isa = PBXBuildFile; fileRef = 326A8526279ABD2600620234 /* _pmApp.swift */; };
		326A8529279ABD2600620234 /* ContentView.swift in Sources */ = {isa = PBXBuildFile; fileRef = 326A8528279ABD2600620234 /* ContentView.swift */; };
		326A852B279ABD2600620234 /* NotificationController.swift in Sources */ = {isa = PBXBuildFile; fileRef = 326A852A279ABD2600620234 /* NotificationController.swift */; };
		326A852D279ABD2600620234 /* NotificationView.swift in Sources */ = {isa = PBXBuildFile; fileRef = 326A852C279ABD2600620234 /* NotificationView.swift */; };
		326A852F279ABD2600620234 /* ComplicationController.swift in Sources */ = {isa = PBXBuildFile; fileRef = 326A852E279ABD2600620234 /* ComplicationController.swift */; };
		326A8531279ABD2600620234 /* Assets.xcassets in Resources */ = {isa = PBXBuildFile; fileRef = 326A8530279ABD2600620234 /* Assets.xcassets */; };
		326A8534279ABD2600620234 /* Preview Assets.xcassets in Resources */ = {isa = PBXBuildFile; fileRef = 326A8533279ABD2600620234 /* Preview Assets.xcassets */; };
/* End PBXBuildFile section */

/* Begin PBXContainerItemProxy section */
		326A8518279ABD2500620234 /* PBXContainerItemProxy */ = {
			isa = PBXContainerItemProxy;
			containerPortal = 326A850C279ABD2500620234 /* Project object */;
			proxyType = 1;
			remoteGlobalIDString = 326A8515279ABD2500620234;
			remoteInfo = "5pm WatchKit App";
		};
		326A8523279ABD2600620234 /* PBXContainerItemProxy */ = {
			isa = PBXContainerItemProxy;
			containerPortal = 326A850C279ABD2500620234 /* Project object */;
			proxyType = 1;
			remoteGlobalIDString = 326A8520279ABD2600620234;
			remoteInfo = "5pm WatchKit Extension";
		};
/* End PBXContainerItemProxy section */

/* Begin PBXCopyFilesBuildPhase section */
		326A853C279ABD2600620234 /* Embed App Extensions */ = {
			isa = PBXCopyFilesBuildPhase;
			buildActionMask = 2147483647;
			dstPath = "";
			dstSubfolderSpec = 13;
			files = (
				326A8522279ABD2600620234 /* 5pm WatchKit Extension.appex in Embed App Extensions */,
			);
			name = "Embed App Extensions";
			runOnlyForDeploymentPostprocessing = 0;
		};
		326A8540279ABD2600620234 /* Embed Watch Content */ = {
			isa = PBXCopyFilesBuildPhase;
			buildActionMask = 2147483647;
			dstPath = "$(CONTENTS_FOLDER_PATH)/Watch";
			dstSubfolderSpec = 16;
			files = (
				326A8517279ABD2500620234 /* 5pm WatchKit App.app in Embed Watch Content */,
			);
			name = "Embed Watch Content";
			runOnlyForDeploymentPostprocessing = 0;
		};
/* End PBXCopyFilesBuildPhase section */

/* Begin PBXFileReference section */
		326A8512279ABD2500620234 /* 5pm.app */ = {isa = PBXFileReference; explicitFileType = wrapper.application; includeInIndex = 0; path = 5pm.app; sourceTree = BUILT_PRODUCTS_DIR; };
		326A8516279ABD2500620234 /* 5pm WatchKit App.app */ = {isa = PBXFileReference; explicitFileType = wrapper.application; includeInIndex = 0; path = "5pm WatchKit App.app"; sourceTree = BUILT_PRODUCTS_DIR; };
		326A851B279ABD2600620234 /* Assets.xcassets */ = {isa = PBXFileReference; lastKnownFileType = folder.assetcatalog; path = Assets.xcassets; sourceTree = "<group>"; };
		326A8521279ABD2600620234 /* 5pm WatchKit Extension.appex */ = {isa = PBXFileReference; explicitFileType = "wrapper.app-extension"; includeInIndex = 0; path = "5pm WatchKit Extension.appex"; sourceTree = BUILT_PRODUCTS_DIR; };
		326A8526279ABD2600620234 /* _pmApp.swift */ = {isa = PBXFileReference; lastKnownFileType = sourcecode.swift; path = _pmApp.swift; sourceTree = "<group>"; };
		326A8528279ABD2600620234 /* ContentView.swift */ = {isa = PBXFileReference; lastKnownFileType = sourcecode.swift; path = ContentView.swift; sourceTree = "<group>"; };
		326A852A279ABD2600620234 /* NotificationController.swift */ = {isa = PBXFileReference; lastKnownFileType = sourcecode.swift; path = NotificationController.swift; sourceTree = "<group>"; };
		326A852C279ABD2600620234 /* NotificationView.swift */ = {isa = PBXFileReference; lastKnownFileType = sourcecode.swift; path = NotificationView.swift; sourceTree = "<group>"; };
		326A852E279ABD2600620234 /* ComplicationController.swift */ = {isa = PBXFileReference; lastKnownFileType = sourcecode.swift; path = ComplicationController.swift; sourceTree = "<group>"; };
		326A8530279ABD2600620234 /* Assets.xcassets */ = {isa = PBXFileReference; lastKnownFileType = folder.assetcatalog; path = Assets.xcassets; sourceTree = "<group>"; };
		326A8533279ABD2600620234 /* Preview Assets.xcassets */ = {isa = PBXFileReference; lastKnownFileType = folder.assetcatalog; path = "Preview Assets.xcassets"; sourceTree = "<group>"; };
		326A8535279ABD2600620234 /* Info.plist */ = {isa = PBXFileReference; lastKnownFileType = text.plist.xml; path = Info.plist; sourceTree = "<group>"; };
		326A8536279ABD2600620234 /* PushNotificationPayload.apns */ = {isa = PBXFileReference; lastKnownFileType = text; path = PushNotificationPayload.apns; sourceTree = "<group>"; };
/* End PBXFileReference section */

/* Begin PBXFrameworksBuildPhase section */
		326A851E279ABD2600620234 /* Frameworks */ = {
			isa = PBXFrameworksBuildPhase;
			buildActionMask = 2147483647;
			files = (
			);
			runOnlyForDeploymentPostprocessing = 0;
		};
/* End PBXFrameworksBuildPhase section */

/* Begin PBXGroup section */
		326A850B279ABD2500620234 = {
			isa = PBXGroup;
			children = (
				326A851A279ABD2500620234 /* 5pm WatchKit App */,
				326A8525279ABD2600620234 /* 5pm WatchKit Extension */,
				326A8513279ABD2500620234 /* Products */,
			);
			sourceTree = "<group>";
		};
		326A8513279ABD2500620234 /* Products */ = {
			isa = PBXGroup;
			children = (
				326A8512279ABD2500620234 /* 5pm.app */,
				326A8516279ABD2500620234 /* 5pm WatchKit App.app */,
				326A8521279ABD2600620234 /* 5pm WatchKit Extension.appex */,
			);
			name = Products;
			sourceTree = "<group>";
		};
		326A851A279ABD2500620234 /* 5pm WatchKit App */ = {
			isa = PBXGroup;
			children = (
				326A851B279ABD2600620234 /* Assets.xcassets */,
			);
			path = "5pm WatchKit App";
			sourceTree = "<group>";
		};
		326A8525279ABD2600620234 /* 5pm WatchKit Extension */ = {
			isa = PBXGroup;
			children = (
				326A8526279ABD2600620234 /* _pmApp.swift */,
				326A8528279ABD2600620234 /* ContentView.swift */,
				326A852A279ABD2600620234 /* NotificationController.swift */,
				326A852C279ABD2600620234 /* NotificationView.swift */,
				326A852E279ABD2600620234 /* ComplicationController.swift */,
				326A8530279ABD2600620234 /* Assets.xcassets */,
				326A8535279ABD2600620234 /* Info.plist */,
				326A8536279ABD2600620234 /* PushNotificationPayload.apns */,
				326A8532279ABD2600620234 /* Preview Content */,
			);
			path = "5pm WatchKit Extension";
			sourceTree = "<group>";
		};
		326A8532279ABD2600620234 /* Preview Content */ = {
			isa = PBXGroup;
			children = (
				326A8533279ABD2600620234 /* Preview Assets.xcassets */,
			);
			path = "Preview Content";
			sourceTree = "<group>";
		};
/* End PBXGroup section */

/* Begin PBXNativeTarget section */
		326A8511279ABD2500620234 /* 5pm */ = {
			isa = PBXNativeTarget;
			buildConfigurationList = 326A8541279ABD2600620234 /* Build configuration list for PBXNativeTarget "5pm" */;
			buildPhases = (
				326A8510279ABD2500620234 /* Resources */,
				326A8540279ABD2600620234 /* Embed Watch Content */,
			);
			buildRules = (
			);
			dependencies = (
				326A8519279ABD2500620234 /* PBXTargetDependency */,
			);
			name = 5pm;
			productName = 5pm;
			productReference = 326A8512279ABD2500620234 /* 5pm.app */;
			productType = "com.apple.product-type.application.watchapp2-container";
		};
		326A8515279ABD2500620234 /* 5pm WatchKit App */ = {
			isa = PBXNativeTarget;
			buildConfigurationList = 326A853D279ABD2600620234 /* Build configuration list for PBXNativeTarget "5pm WatchKit App" */;
			buildPhases = (
				326A8514279ABD2500620234 /* Resources */,
				326A853C279ABD2600620234 /* Embed App Extensions */,
			);
			buildRules = (
			);
			dependencies = (
				326A8524279ABD2600620234 /* PBXTargetDependency */,
			);
			name = "5pm WatchKit App";
			productName = "5pm WatchKit App";
			productReference = 326A8516279ABD2500620234 /* 5pm WatchKit App.app */;
			productType = "com.apple.product-type.application.watchapp2";
		};
		326A8520279ABD2600620234 /* 5pm WatchKit Extension */ = {
			isa = PBXNativeTarget;
			buildConfigurationList = 326A8539279ABD2600620234 /* Build configuration list for PBXNativeTarget "5pm WatchKit Extension" */;
			buildPhases = (
				326A851D279ABD2600620234 /* Sources */,
				326A851E279ABD2600620234 /* Frameworks */,
				326A851F279ABD2600620234 /* Resources */,
			);
			buildRules = (
			);
			dependencies = (
			);
			name = "5pm WatchKit Extension";
			productName = "5pm WatchKit Extension";
			productReference = 326A8521279ABD2600620234 /* 5pm WatchKit Extension.appex */;
			productType = "com.apple.product-type.watchkit2-extension";
		};
/* End PBXNativeTarget section */

/* Begin PBXProject section */
		326A850C279ABD2500620234 /* Project object */ = {
			isa = PBXProject;
			attributes = {
				BuildIndependentTargetsInParallel = 1;
				LastSwiftUpdateCheck = 1320;
				LastUpgradeCheck = 1320;
				TargetAttributes = {
					326A8511279ABD2500620234 = {
						CreatedOnToolsVersion = 13.2.1;
					};
					326A8515279ABD2500620234 = {
						CreatedOnToolsVersion = 13.2.1;
					};
					326A8520279ABD2600620234 = {
						CreatedOnToolsVersion = 13.2.1;
					};
				};
			};
			buildConfigurationList = 326A850F279ABD2500620234 /* Build configuration list for PBXProject "5pm" */;
			compatibilityVersion = "Xcode 13.0";
			developmentRegion = en;
			hasScannedForEncodings = 0;
			knownRegions = (
				en,
				Base,
			);
			mainGroup = 326A850B279ABD2500620234;
			productRefGroup = 326A8513279ABD2500620234 /* Products */;
			projectDirPath = "";
			projectRoot = "";
			targets = (
				326A8511279ABD2500620234 /* 5pm */,
				326A8515279ABD2500620234 /* 5pm WatchKit App */,
				326A8520279ABD2600620234 /* 5pm WatchKit Extension */,
			);
		};
/* End PBXProject section */

/* Begin PBXResourcesBuildPhase section */
		326A8510279ABD2500620234 /* Resources */ = {
			isa = PBXResourcesBuildPhase;
			buildActionMask = 2147483647;
			files = (
			);
			runOnlyForDeploymentPostprocessing = 0;
		};
		326A8514279ABD2500620234 /* Resources */ = {
			isa = PBXResourcesBuildPhase;
			buildActionMask = 2147483647;
			files = (
				326A851C279ABD2600620234 /* Assets.xcassets in Resources */,
			);
			runOnlyForDeploymentPostprocessing = 0;
		};
		326A851F279ABD2600620234 /* Resources */ = {
			isa = PBXResourcesBuildPhase;
			buildActionMask = 2147483647;
			files = (
				326A8534279ABD2600620234 /* Preview Assets.xcassets in Resources */,
				326A8531279ABD2600620234 /* Assets.xcassets in Resources */,
			);
			runOnlyForDeploymentPostprocessing = 0;
		};
/* End PBXResourcesBuildPhase section */

/* Begin PBXSourcesBuildPhase section */
		326A851D279ABD2600620234 /* Sources */ = {
			isa = PBXSourcesBuildPhase;
			buildActionMask = 2147483647;
			files = (
				326A852B279ABD2600620234 /* NotificationController.swift in Sources */,
				326A8529279ABD2600620234 /* ContentView.swift in Sources */,
				326A852F279ABD2600620234 /* ComplicationController.swift in Sources */,
				326A8527279ABD2600620234 /* _pmApp.swift in Sources */,
				326A852D279ABD2600620234 /* NotificationView.swift in Sources */,
			);
			runOnlyForDeploymentPostprocessing = 0;
		};
/* End PBXSourcesBuildPhase section */

/* Begin PBXTargetDependency section */
		326A8519279ABD2500620234 /* PBXTargetDependency */ = {
			isa = PBXTargetDependency;
			target = 326A8515279ABD2500620234 /* 5pm WatchKit App */;
			targetProxy = 326A8518279ABD2500620234 /* PBXContainerItemProxy */;
		};
		326A8524279ABD2600620234 /* PBXTargetDependency */ = {
			isa = PBXTargetDependency;
			target = 326A8520279ABD2600620234 /* 5pm WatchKit Extension */;
			targetProxy = 326A8523279ABD2600620234 /* PBXContainerItemProxy */;
		};
/* End PBXTargetDependency section */

/* Begin XCBuildConfiguration section */
		326A8537279ABD2600620234 /* Debug */ = {
			isa = XCBuildConfiguration;
			buildSettings = {
				ALWAYS_SEARCH_USER_PATHS = NO;
				CLANG_ANALYZER_NONNULL = YES;
				CLANG_ANALYZER_NUMBER_OBJECT_CONVERSION = YES_AGGRESSIVE;
				CLANG_CXX_LANGUAGE_STANDARD = "gnu++17";
				CLANG_CXX_LIBRARY = "libc++";
				CLANG_ENABLE_MODULES = YES;
				CLANG_ENABLE_OBJC_ARC = YES;
				CLANG_ENABLE_OBJC_WEAK = YES;
				CLANG_WARN_BLOCK_CAPTURE_AUTORELEASING = YES;
				CLANG_WARN_BOOL_CONVERSION = YES;
				CLANG_WARN_COMMA = YES;
				CLANG_WARN_CONSTANT_CONVERSION = YES;
				CLANG_WARN_DEPRECATED_OBJC_IMPLEMENTATIONS = YES;
				CLANG_WARN_DIRECT_OBJC_ISA_USAGE = YES_ERROR;
				CLANG_WARN_DOCUMENTATION_COMMENTS = YES;
				CLANG_WARN_EMPTY_BODY = YES;
				CLANG_WARN_ENUM_CONVERSION = YES;
				CLANG_WARN_INFINITE_RECURSION = YES;
				CLANG_WARN_INT_CONVERSION = YES;
				CLANG_WARN_NON_LITERAL_NULL_CONVERSION = YES;
				CLANG_WARN_OBJC_IMPLICIT_RETAIN_SELF = YES;
				CLANG_WARN_OBJC_LITERAL_CONVERSION = YES;
				CLANG_WARN_OBJC_ROOT_CLASS = YES_ERROR;
				CLANG_WARN_QUOTED_INCLUDE_IN_FRAMEWORK_HEADER = YES;
				CLANG_WARN_RANGE_LOOP_ANALYSIS = YES;
				CLANG_WARN_STRICT_PROTOTYPES = YES;
				CLANG_WARN_SUSPICIOUS_MOVE = YES;
				CLANG_WARN_UNGUARDED_AVAILABILITY = YES_AGGRESSIVE;
				CLANG_WARN_UNREACHABLE_CODE = YES;
				CLANG_WARN__DUPLICATE_METHOD_MATCH = YES;
				COPY_PHASE_STRIP = NO;
				DEBUG_INFORMATION_FORMAT = dwarf;
				ENABLE_STRICT_OBJC_MSGSEND = YES;
				ENABLE_TESTABILITY = YES;
				GCC_C_LANGUAGE_STANDARD = gnu11;
				GCC_DYNAMIC_NO_PIC = NO;
				GCC_NO_COMMON_BLOCKS = YES;
				GCC_OPTIMIZATION_LEVEL = 0;
				GCC_PREPROCESSOR_DEFINITIONS = (
					"DEBUG=1",
					"$(inherited)",
				);
				GCC_WARN_64_TO_32_BIT_CONVERSION = YES;
				GCC_WARN_ABOUT_RETURN_TYPE = YES_ERROR;
				GCC_WARN_UNDECLARED_SELECTOR = YES;
				GCC_WARN_UNINITIALIZED_AUTOS = YES_AGGRESSIVE;
				GCC_WARN_UNUSED_FUNCTION = YES;
				GCC_WARN_UNUSED_VARIABLE = YES;
				MTL_ENABLE_DEBUG_INFO = INCLUDE_SOURCE;
				MTL_FAST_MATH = YES;
				ONLY_ACTIVE_ARCH = YES;
				SDKROOT = iphoneos;
				SWIFT_ACTIVE_COMPILATION_CONDITIONS = DEBUG;
				SWIFT_OPTIMIZATION_LEVEL = "-Onone";
			};
			name = Debug;
		};
		326A8538279ABD2600620234 /* Release */ = {
			isa = XCBuildConfiguration;
			buildSettings = {
				ALWAYS_SEARCH_USER_PATHS = NO;
				CLANG_ANALYZER_NONNULL = YES;
				CLANG_ANALYZER_NUMBER_OBJECT_CONVERSION = YES_AGGRESSIVE;
				CLANG_CXX_LANGUAGE_STANDARD = "gnu++17";
				CLANG_CXX_LIBRARY = "libc++";
				CLANG_ENABLE_MODULES = YES;
				CLANG_ENABLE_OBJC_ARC = YES;
				CLANG_ENABLE_OBJC_WEAK = YES;
				CLANG_WARN_BLOCK_CAPTURE_AUTORELEASING = YES;
				CLANG_WARN_BOOL_CONVERSION = YES;
				CLANG_WARN_COMMA = YES;
				CLANG_WARN_CONSTANT_CONVERSION = YES;
				CLANG_WARN_DEPRECATED_OBJC_IMPLEMENTATIONS = YES;
				CLANG_WARN_DIRECT_OBJC_ISA_USAGE = YES_ERROR;
				CLANG_WARN_DOCUMENTATION_COMMENTS = YES;
				CLANG_WARN_EMPTY_BODY = YES;
				CLANG_WARN_ENUM_CONVERSION = YES;
				CLANG_WARN_INFINITE_RECURSION = YES;
				CLANG_WARN_INT_CONVERSION = YES;
				CLANG_WARN_NON_LITERAL_NULL_CONVERSION = YES;
				CLANG_WARN_OBJC_IMPLICIT_RETAIN_SELF = YES;
				CLANG_WARN_OBJC_LITERAL_CONVERSION = YES;
				CLANG_WARN_OBJC_ROOT_CLASS = YES_ERROR;
				CLANG_WARN_QUOTED_INCLUDE_IN_FRAMEWORK_HEADER = YES;
				CLANG_WARN_RANGE_LOOP_ANALYSIS = YES;
				CLANG_WARN_STRICT_PROTOTYPES = YES;
				CLANG_WARN_SUSPICIOUS_MOVE = YES;
				CLANG_WARN_UNGUARDED_AVAILABILITY = YES_AGGRESSIVE;
				CLANG_WARN_UNREACHABLE_CODE = YES;
				CLANG_WARN__DUPLICATE_METHOD_MATCH = YES;
				COPY_PHASE_STRIP = NO;
				DEBUG_INFORMATION_FORMAT = "dwarf-with-dsym";
				ENABLE_NS_ASSERTIONS = NO;
				ENABLE_STRICT_OBJC_MSGSEND = YES;
				GCC_C_LANGUAGE_STANDARD = gnu11;
				GCC_NO_COMMON_BLOCKS = YES;
				GCC_WARN_64_TO_32_BIT_CONVERSION = YES;
				GCC_WARN_ABOUT_RETURN_TYPE = YES_ERROR;
				GCC_WARN_UNDECLARED_SELECTOR = YES;
				GCC_WARN_UNINITIALIZED_AUTOS = YES_AGGRESSIVE;
				GCC_WARN_UNUSED_FUNCTION = YES;
				GCC_WARN_UNUSED_VARIABLE = YES;
				MTL_ENABLE_DEBUG_INFO = NO;
				MTL_FAST_MATH = YES;
				SDKROOT = iphoneos;
				SWIFT_COMPILATION_MODE = wholemodule;
				SWIFT_OPTIMIZATION_LEVEL = "-O";
				VALIDATE_PRODUCT = YES;
			};
			name = Release;
		};
		326A853A279ABD2600620234 /* Debug */ = {
			isa = XCBuildConfiguration;
			buildSettings = {
				ASSETCATALOG_COMPILER_COMPLICATION_NAME = Complication;
				CODE_SIGN_STYLE = Automatic;
				CURRENT_PROJECT_VERSION = 1;
				DEVELOPMENT_ASSET_PATHS = "\"5pm WatchKit Extension/Preview Content\"";
				DEVELOPMENT_TEAM = XL5JK4F896;
				ENABLE_PREVIEWS = YES;
				GENERATE_INFOPLIST_FILE = YES;
				INFOPLIST_FILE = "5pm WatchKit Extension/Info.plist";
				INFOPLIST_KEY_CFBundleDisplayName = "5pm WatchKit Extension";
				INFOPLIST_KEY_CLKComplicationPrincipalClass = "$(PRODUCT_MODULE_NAME).ComplicationController";
				INFOPLIST_KEY_NSHumanReadableCopyright = "";
				INFOPLIST_KEY_WKWatchOnly = YES;
				LD_RUNPATH_SEARCH_PATHS = (
					"$(inherited)",
					"@executable_path/Frameworks",
					"@executable_path/../../Frameworks",
				);
				MARKETING_VERSION = 1.0;
				PRODUCT_BUNDLE_IDENTIFIER = "com.jiachen.-pm.watchkitapp.watchkitextension";
				PRODUCT_NAME = "${TARGET_NAME}";
				SDKROOT = watchos;
				SKIP_INSTALL = YES;
				SWIFT_EMIT_LOC_STRINGS = YES;
				SWIFT_VERSION = 5.0;
				TARGETED_DEVICE_FAMILY = 4;
				WATCHOS_DEPLOYMENT_TARGET = 8.3;
			};
			name = Debug;
		};
		326A853B279ABD2600620234 /* Release */ = {
			isa = XCBuildConfiguration;
			buildSettings = {
				ASSETCATALOG_COMPILER_COMPLICATION_NAME = Complication;
				CODE_SIGN_STYLE = Automatic;
				CURRENT_PROJECT_VERSION = 1;
				DEVELOPMENT_ASSET_PATHS = "\"5pm WatchKit Extension/Preview Content\"";
				DEVELOPMENT_TEAM = XL5JK4F896;
				ENABLE_PREVIEWS = YES;
				GENERATE_INFOPLIST_FILE = YES;
				INFOPLIST_FILE = "5pm WatchKit Extension/Info.plist";
				INFOPLIST_KEY_CFBundleDisplayName = "5pm WatchKit Extension";
				INFOPLIST_KEY_CLKComplicationPrincipalClass = "$(PRODUCT_MODULE_NAME).ComplicationController";
				INFOPLIST_KEY_NSHumanReadableCopyright = "";
				INFOPLIST_KEY_WKWatchOnly = YES;
				LD_RUNPATH_SEARCH_PATHS = (
					"$(inherited)",
					"@executable_path/Frameworks",
					"@executable_path/../../Frameworks",
				);
				MARKETING_VERSION = 1.0;
				PRODUCT_BUNDLE_IDENTIFIER = "com.jiachen.-pm.watchkitapp.watchkitextension";
				PRODUCT_NAME = "${TARGET_NAME}";
				SDKROOT = watchos;
				SKIP_INSTALL = YES;
				SWIFT_EMIT_LOC_STRINGS = YES;
				SWIFT_VERSION = 5.0;
				TARGETED_DEVICE_FAMILY = 4;
				WATCHOS_DEPLOYMENT_TARGET = 8.3;
			};
			name = Release;
		};
		326A853E279ABD2600620234 /* Debug */ = {
			isa = XCBuildConfiguration;
			buildSettings = {
				ALWAYS_EMBED_SWIFT_STANDARD_LIBRARIES = YES;
				ASSETCATALOG_COMPILER_APPICON_NAME = AppIcon;
				ASSETCATALOG_COMPILER_GLOBAL_ACCENT_COLOR_NAME = AccentColor;
				CODE_SIGN_STYLE = Automatic;
				CURRENT_PROJECT_VERSION = 1;
				DEVELOPMENT_TEAM = XL5JK4F896;
				GENERATE_INFOPLIST_FILE = YES;
				IBSC_MODULE = _pm_WatchKit_Extension;
				INFOPLIST_KEY_CFBundleDisplayName = "5pm WatchKit App";
				INFOPLIST_KEY_UISupportedInterfaceOrientations = "UIInterfaceOrientationPortrait UIInterfaceOrientationPortraitUpsideDown";
				MARKETING_VERSION = 1.0;
				PRODUCT_BUNDLE_IDENTIFIER = "com.jiachen.-pm.watchkitapp";
				PRODUCT_NAME = "$(TARGET_NAME)";
				SDKROOT = watchos;
				SKIP_INSTALL = YES;
				SWIFT_EMIT_LOC_STRINGS = YES;
				SWIFT_VERSION = 5.0;
				TARGETED_DEVICE_FAMILY = 4;
				WATCHOS_DEPLOYMENT_TARGET = 8.3;
			};
			name = Debug;
		};
		326A853F279ABD2600620234 /* Release */ = {
			isa = XCBuildConfiguration;
			buildSettings = {
				ALWAYS_EMBED_SWIFT_STANDARD_LIBRARIES = YES;
				ASSETCATALOG_COMPILER_APPICON_NAME = AppIcon;
				ASSETCATALOG_COMPILER_GLOBAL_ACCENT_COLOR_NAME = AccentColor;
				CODE_SIGN_STYLE = Automatic;
				CURRENT_PROJECT_VERSION = 1;
				DEVELOPMENT_TEAM = XL5JK4F896;
				GENERATE_INFOPLIST_FILE = YES;
				IBSC_MODULE = _pm_WatchKit_Extension;
				INFOPLIST_KEY_CFBundleDisplayName = "5pm WatchKit App";
				INFOPLIST_KEY_UISupportedInterfaceOrientations = "UIInterfaceOrientationPortrait UIInterfaceOrientationPortraitUpsideDown";
				MARKETING_VERSION = 1.0;
				PRODUCT_BUNDLE_IDENTIFIER = "com.jiachen.-pm.watchkitapp";
				PRODUCT_NAME = "$(TARGET_NAME)";
				SDKROOT = watchos;
				SKIP_INSTALL = YES;
				SWIFT_EMIT_LOC_STRINGS = YES;
				SWIFT_VERSION = 5.0;
				TARGETED_DEVICE_FAMILY = 4;
				WATCHOS_DEPLOYMENT_TARGET = 8.3;
			};
			name = Release;
		};
		326A8542279ABD2600620234 /* Debug */ = {
			isa = XCBuildConfiguration;
			buildSettings = {
				CODE_SIGN_STYLE = Automatic;
				CURRENT_PROJECT_VERSION = 1;
				DEVELOPMENT_TEAM = XL5JK4F896;
				MARKETING_VERSION = 1.0;
				PRODUCT_BUNDLE_IDENTIFIER = "com.jiachen.-pm";
				PRODUCT_NAME = "$(TARGET_NAME)";
				SWIFT_VERSION = 5.0;
			};
			name = Debug;
		};
		326A8543279ABD2600620234 /* Release */ = {
			isa = XCBuildConfiguration;
			buildSettings = {
				CODE_SIGN_STYLE = Automatic;
				CURRENT_PROJECT_VERSION = 1;
				DEVELOPMENT_TEAM = XL5JK4F896;
				MARKETING_VERSION = 1.0;
				PRODUCT_BUNDLE_IDENTIFIER = "com.jiachen.-pm";
				PRODUCT_NAME = "$(TARGET_NAME)";
				SWIFT_VERSION = 5.0;
			};
			name = Release;
		};
/* End XCBuildConfiguration section */

/* Begin XCConfigurationList section */
		326A850F279ABD2500620234 /* Build configuration list for PBXProject "5pm" */ = {
			isa = XCConfigurationList;
			buildConfigurations = (
				326A8537279ABD2600620234 /* Debug */,
				326A8538279ABD2600620234 /* Release */,
			);
			defaultConfigurationIsVisible = 0;
			defaultConfigurationName = Release;
		};
		326A8539279ABD2600620234 /* Build configuration list for PBXNativeTarget "5pm WatchKit Extension" */ = {
			isa = XCConfigurationList;
			buildConfigurations = (
				326A853A279ABD2600620234 /* Debug */,
				326A853B279ABD2600620234 /* Release */,
			);
			defaultConfigurationIsVisible = 0;
			defaultConfigurationName = Release;
		};
		326A853D279ABD2600620234 /* Build configuration list for PBXNativeTarget "5pm WatchKit App" */ = {
			isa = XCConfigurationList;
			buildConfigurations = (
				326A853E279ABD2600620234 /* Debug */,
				326A853F279ABD2600620234 /* Release */,
			);
			defaultConfigurationIsVisible = 0;
			defaultConfigurationName = Release;
		};
		326A8541279ABD2600620234 /* Build configuration list for PBXNativeTarget "5pm" */ = {
			isa = XCConfigurationList;
			buildConfigurations = (
				326A8542279ABD2600620234 /* Debug */,
				326A8543279ABD2600620234 /* Release */,
			);
			defaultConfigurationIsVisible = 0;
			defaultConfigurationName = Release;
		};
/* End XCConfigurationList section */
	};
	rootObject = 326A850C279ABD2500620234 /* Project object */;
}
